
Microsoft Visual Studio Solution File, Format Version 12.00
# Visual Studio 15
VisualStudioVersion = 15.0.28307.168
MinimumVisualStudioVersion = 10.0.40219.1
Project("{8BC9CEB8-8B4A-11D0-8D11-00A0C91BC942}") = "op", "op\op.vcxproj", "{EA90DCB4-3591-4FA3-9C10-08FEE47A4BFA}"
EndProject
Project("{8BC9CEB8-8B4A-11D0-8D11-00A0C91BC942}") = "optool", "optool\optool.vcxproj", "{C67799A6-25B3-4047-BF20-D02C93C86A5E}"
EndProject
Project("{888888A0-9F3D-457C-B088-3A5042F75D52}") = "PyTest", "PyTest\PyTest.pyproj", "{AA068206-FF72-44C4-9C04-37960B132EC0}"
EndProject
Project("{8BC9CEB8-8B4A-11D0-8D11-00A0C91BC942}") = "example", "example\ConsoleTest.vcxproj", "{68E33E18-50FF-4418-AE8D-DD7D17E7A245}"
EndProject
Global
	GlobalSection(SolutionConfigurationPlatforms) = preSolution
		Debug|Any CPU = Debug|Any CPU
		Debug|x64 = Debug|x64
		Debug|x86 = Debug|x86
		Release|Any CPU = Release|Any CPU
		Release|x64 = Release|x64
		Release|x86 = Release|x86
	EndGlobalSection
	GlobalSection(ProjectConfigurationPlatforms) = postSolution
		{EA90DCB4-3591-4FA3-9C10-08FEE47A4BFA}.Debug|Any CPU.ActiveCfg = Debug|Win32
		{EA90DCB4-3591-4FA3-9C10-08FEE47A4BFA}.Debug|x64.ActiveCfg = Debug|x64
		{EA90DCB4-3591-4FA3-9C10-08FEE47A4BFA}.Debug|x64.Build.0 = Debug|x64
		{EA90DCB4-3591-4FA3-9C10-08FEE47A4BFA}.Debug|x86.ActiveCfg = Debug|Win32
		{EA90DCB4-3591-4FA3-9C10-08FEE47A4BFA}.Debug|x86.Build.0 = Debug|Win32
		{EA90DCB4-3591-4FA3-9C10-08FEE47A4BFA}.Release|Any CPU.ActiveCfg = Release|Win32
		{EA90DCB4-3591-4FA3-9C10-08FEE47A4BFA}.Release|x64.ActiveCfg = Release|x64
		{EA90DCB4-3591-4FA3-9C10-08FEE47A4BFA}.Release|x64.Build.0 = Release|x64
		{EA90DCB4-3591-4FA3-9C10-08FEE47A4BFA}.Release|x86.ActiveCfg = Release|Win32
		{EA90DCB4-3591-4FA3-9C10-08FEE47A4BFA}.Release|x86.Build.0 = Release|Win32
		{C67799A6-25B3-4047-BF20-D02C93C86A5E}.Debug|Any CPU.ActiveCfg = Debug|Win32
		{C67799A6-25B3-4047-BF20-D02C93C86A5E}.Debug|x64.ActiveCfg = Debug|x64
		{C67799A6-25B3-4047-BF20-D02C93C86A5E}.Debug|x64.Build.0 = Debug|x64
		{C67799A6-25B3-4047-BF20-D02C93C86A5E}.Debug|x86.ActiveCfg = Debug|Win32
		{C67799A6-25B3-4047-BF20-D02C93C86A5E}.Debug|x86.Build.0 = Debug|Win32
		{C67799A6-25B3-4047-BF20-D02C93C86A5E}.Release|Any CPU.ActiveCfg = Release|Win32
		{C67799A6-25B3-4047-BF20-D02C93C86A5E}.Release|x64.ActiveCfg = Release|x64
		{C67799A6-25B3-4047-BF20-D02C93C86A5E}.Release|x64.Build.0 = Release|x64
		{C67799A6-25B3-4047-BF20-D02C93C86A5E}.Release|x86.ActiveCfg = Release|Win32
		{C67799A6-25B3-4047-BF20-D02C93C86A5E}.Release|x86.Build.0 = Release|Win32
		{AA068206-FF72-44C4-9C04-37960B132EC0}.Debug|Any CPU.ActiveCfg = Debug|Any CPU
		{AA068206-FF72-44C4-9C04-37960B132EC0}.Debug|x64.ActiveCfg = Debug|Any CPU
		{AA068206-FF72-44C4-9C04-37960B132EC0}.Debug|x86.ActiveCfg = Debug|Any CPU
		{AA068206-FF72-44C4-9C04-37960B132EC0}.Release|Any CPU.ActiveCfg = Release|Any CPU
		{AA068206-FF72-44C4-9C04-37960B132EC0}.Release|x64.ActiveCfg = Release|Any CPU
		{AA068206-FF72-44C4-9C04-37960B132EC0}.Release|x86.ActiveCfg = Release|Any CPU
		{68E33E18-50FF-4418-AE8D-DD7D17E7A245}.Debug|Any CPU.ActiveCfg = Debug|Win32
		{68E33E18-50FF-4418-AE8D-DD7D17E7A245}.Debug|x64.ActiveCfg = Debug|x64
		{68E33E18-50FF-4418-AE8D-DD7D17E7A245}.Debug|x64.Build.0 = Debug|x64
		{68E33E18-50FF-4418-AE8D-DD7D17E7A245}.Debug|x86.ActiveCfg = Debug|Win32
		{68E33E18-50FF-4418-AE8D-DD7D17E7A245}.Debug|x86.Build.0 = Debug|Win32
		{68E33E18-50FF-4418-AE8D-DD7D17E7A245}.Release|Any CPU.ActiveCfg = Release|Win32
		{68E33E18-50FF-4418-AE8D-DD7D17E7A245}.Release|x64.ActiveCfg = Release|x64
		{68E33E18-50FF-4418-AE8D-DD7D17E7A245}.Release|x64.Build.0 = Release|x64
		{68E33E18-50FF-4418-AE8D-DD7D17E7A245}.Release|x86.ActiveCfg = Release|Win32
		{68E33E18-50FF-4418-AE8D-DD7D17E7A245}.Release|x86.Build.0 = Release|Win32
	EndGlobalSection
	GlobalSection(SolutionProperties) = preSolution
		HideSolutionNode = FALSE
	EndGlobalSection
	GlobalSection(ExtensibilityGlobals) = postSolution
		SolutionGuid = {F3B8F6F7-84E9-421E-A7A2-5E753FD2ADB3}
	EndGlobalSection
EndGlobal
