<?xml version="1.0" encoding="utf-8"?>
<Project ToolsVersion="16.0" xmlns="http://schemas.microsoft.com/developer/msbuild/2003">
  <ItemGroup>
    <CustomBuild Include="E:\project\op\CMakeFiles\ca54b35936ff52fd0b503ce3f29476f7\INSTALL_force.rule">
      <Filter>CMake Rules</Filter>
    </CustomBuild>
  </ItemGroup>
  <ItemGroup>
    <Filter Include="CMake Rules">
      <UniqueIdentifier>{90FEF232-6B3B-37F1-B961-675FFE0A7164}</UniqueIdentifier>
    </Filter>
  </ItemGroup>
</Project>
