<?xml version="1.0" encoding="utf-8"?>
<Project ToolsVersion="16.0" xmlns="http://schemas.microsoft.com/developer/msbuild/2003">
  <ItemGroup>
    <ClCompile Include="E:\project\op\tools\dllmain.c">
      <Filter>Source Files</Filter>
    </ClCompile>
    <ClCompile Include="E:\project\op\com\op_i.c">
      <Filter>Source Files</Filter>
    </ClCompile>
    <ClCompile Include="E:\project\op\tools\EasyCom.cpp">
      <Filter>Source Files</Filter>
    </ClCompile>
  </ItemGroup>
  <ItemGroup>
    <CustomBuild Include="E:\project\op\tools\CMakeLists.txt" />
  </ItemGroup>
  <ItemGroup>
    <Filter Include="Source Files">
      <UniqueIdentifier>{426D1F9D-8FFC-3018-A232-37CE7560796C}</UniqueIdentifier>
    </Filter>
  </ItemGroup>
</Project>
